
Microsoft Visual Studio Solution File, Format Version 12.00
# Visual Studio Version 16
VisualStudioVersion = 16.0.30717.126
MinimumVisualStudioVersion = 10.0.40219.1
Project("{9A19103F-16F7-4668-BE54-9A1E7A4F7556}") = "EmployeeArea", "EmployeeArea\EmployeeArea.csproj", "{57FAE00A-33D7-4615-A105-3ED52DDE6FFE}"
EndProject
Project("{9A19103F-16F7-4668-BE54-9A1E7A4F7556}") = "EmployeeArea.DataContext", "EmployeeArea.DataContext\EmployeeArea.DataContext.csproj", "{62AE69B5-CEC5-4935-92E9-FC3255DBB1B9}"
EndProject
Project("{9A19103F-16F7-4668-BE54-9A1E7A4F7556}") = "EmployeeArea.Models", "EmployeeArea.Models\EmployeeArea.Models.csproj", "{E4B9AFB5-0116-4FE9-878F-7716F95786B1}"
EndProject
Project("{9A19103F-16F7-4668-BE54-9A1E7A4F7556}") = "EmployeeArea.Services", "EmployeeArea.Services\EmployeeArea.Services.csproj", "{8F1005C5-0F37-41E7-BBC0-7058CDAEC363}"
EndProject
Project("{9A19103F-16F7-4668-BE54-9A1E7A4F7556}") = "EmployeeArea.TimeSheets", "EmployeeArea.TimeSheets\EmployeeArea.TimeSheets.csproj", "{A3747B8C-AC83-4918-82F7-29B9C9E6FFC5}"
EndProject
Project("{9A19103F-16F7-4668-BE54-9A1E7A4F7556}") = "EmployeesContent", "EmployeesContent\EmployeesContent.csproj", "{54D2211F-AC86-4434-8514-888F187F7187}"
EndProject
Project("{9A19103F-16F7-4668-BE54-9A1E7A4F7556}") = "EmployeeArea.VacationContent", "EmployeeArea.VacationContent\EmployeeArea.VacationContent.csproj", "{BCD476D5-427A-46B2-96C6-0D39520BE114}"
EndProject
Project("{9A19103F-16F7-4668-BE54-9A1E7A4F7556}") = "EmployeArea.DelegationContent", "EmployeArea.DelegationContent\EmployeArea.DelegationContent.csproj", "{5DA8565F-56CB-443D-820E-ABE233DBEAFE}"
EndProject
Project("{9A19103F-16F7-4668-BE54-9A1E7A4F7556}") = "EmployeeArea.Events", "EmployeeArea.Events\EmployeeArea.Events.csproj", "{97639A9C-65B0-459F-9ACE-81397D1D5007}"
EndProject
Project("{2150E333-8FDC-42A3-9474-1A3956D46DE8}") = "Desktop", "Desktop", "{B3C6D12F-036D-41EC-9228-7546BC7F2BD2}"
EndProject
Project("{2150E333-8FDC-42A3-9474-1A3956D46DE8}") = "Common", "Common", "{CA0E0D8B-0F2B-45AD-97C2-84D9574CDC18}"
EndProject
Global
	GlobalSection(SolutionConfigurationPlatforms) = preSolution
		Debug|Any CPU = Debug|Any CPU
		Debug|ARM = Debug|ARM
		Debug|ARM64 = Debug|ARM64
		Debug|x64 = Debug|x64
		Debug|x86 = Debug|x86
		Release|Any CPU = Release|Any CPU
		Release|ARM = Release|ARM
		Release|ARM64 = Release|ARM64
		Release|x64 = Release|x64
		Release|x86 = Release|x86
	EndGlobalSection
	GlobalSection(ProjectConfigurationPlatforms) = postSolution
		{57FAE00A-33D7-4615-A105-3ED52DDE6FFE}.Debug|Any CPU.ActiveCfg = Debug|Any CPU
		{57FAE00A-33D7-4615-A105-3ED52DDE6FFE}.Debug|Any CPU.Build.0 = Debug|Any CPU
		{57FAE00A-33D7-4615-A105-3ED52DDE6FFE}.Debug|ARM.ActiveCfg = Debug|Any CPU
		{57FAE00A-33D7-4615-A105-3ED52DDE6FFE}.Debug|ARM.Build.0 = Debug|Any CPU
		{57FAE00A-33D7-4615-A105-3ED52DDE6FFE}.Debug|ARM64.ActiveCfg = Debug|Any CPU
		{57FAE00A-33D7-4615-A105-3ED52DDE6FFE}.Debug|ARM64.Build.0 = Debug|Any CPU
		{57FAE00A-33D7-4615-A105-3ED52DDE6FFE}.Debug|x64.ActiveCfg = Debug|Any CPU
		{57FAE00A-33D7-4615-A105-3ED52DDE6FFE}.Debug|x64.Build.0 = Debug|Any CPU
		{57FAE00A-33D7-4615-A105-3ED52DDE6FFE}.Debug|x86.ActiveCfg = Debug|Any CPU
		{57FAE00A-33D7-4615-A105-3ED52DDE6FFE}.Debug|x86.Build.0 = Debug|Any CPU
		{57FAE00A-33D7-4615-A105-3ED52DDE6FFE}.Release|Any CPU.ActiveCfg = Release|Any CPU
		{57FAE00A-33D7-4615-A105-3ED52DDE6FFE}.Release|Any CPU.Build.0 = Release|Any CPU
		{57FAE00A-33D7-4615-A105-3ED52DDE6FFE}.Release|ARM.ActiveCfg = Release|Any CPU
		{57FAE00A-33D7-4615-A105-3ED52DDE6FFE}.Release|ARM.Build.0 = Release|Any CPU
		{57FAE00A-33D7-4615-A105-3ED52DDE6FFE}.Release|ARM64.ActiveCfg = Release|Any CPU
		{57FAE00A-33D7-4615-A105-3ED52DDE6FFE}.Release|ARM64.Build.0 = Release|Any CPU
		{57FAE00A-33D7-4615-A105-3ED52DDE6FFE}.Release|x64.ActiveCfg = Release|Any CPU
		{57FAE00A-33D7-4615-A105-3ED52DDE6FFE}.Release|x64.Build.0 = Release|Any CPU
		{57FAE00A-33D7-4615-A105-3ED52DDE6FFE}.Release|x86.ActiveCfg = Release|Any CPU
		{57FAE00A-33D7-4615-A105-3ED52DDE6FFE}.Release|x86.Build.0 = Release|Any CPU
		{62AE69B5-CEC5-4935-92E9-FC3255DBB1B9}.Debug|Any CPU.ActiveCfg = Debug|Any CPU
		{62AE69B5-CEC5-4935-92E9-FC3255DBB1B9}.Debug|Any CPU.Build.0 = Debug|Any CPU
		{62AE69B5-CEC5-4935-92E9-FC3255DBB1B9}.Debug|ARM.ActiveCfg = Debug|Any CPU
		{62AE69B5-CEC5-4935-92E9-FC3255DBB1B9}.Debug|ARM.Build.0 = Debug|Any CPU
		{62AE69B5-CEC5-4935-92E9-FC3255DBB1B9}.Debug|ARM64.ActiveCfg = Debug|Any CPU
		{62AE69B5-CEC5-4935-92E9-FC3255DBB1B9}.Debug|ARM64.Build.0 = Debug|Any CPU
		{62AE69B5-CEC5-4935-92E9-FC3255DBB1B9}.Debug|x64.ActiveCfg = Debug|Any CPU
		{62AE69B5-CEC5-4935-92E9-FC3255DBB1B9}.Debug|x64.Build.0 = Debug|Any CPU
		{62AE69B5-CEC5-4935-92E9-FC3255DBB1B9}.Debug|x86.ActiveCfg = Debug|Any CPU
		{62AE69B5-CEC5-4935-92E9-FC3255DBB1B9}.Debug|x86.Build.0 = Debug|Any CPU
		{62AE69B5-CEC5-4935-92E9-FC3255DBB1B9}.Release|Any CPU.ActiveCfg = Release|Any CPU
		{62AE69B5-CEC5-4935-92E9-FC3255DBB1B9}.Release|Any CPU.Build.0 = Release|Any CPU
		{62AE69B5-CEC5-4935-92E9-FC3255DBB1B9}.Release|ARM.ActiveCfg = Release|Any CPU
		{62AE69B5-CEC5-4935-92E9-FC3255DBB1B9}.Release|ARM.Build.0 = Release|Any CPU
		{62AE69B5-CEC5-4935-92E9-FC3255DBB1B9}.Release|ARM64.ActiveCfg = Release|Any CPU
		{62AE69B5-CEC5-4935-92E9-FC3255DBB1B9}.Release|ARM64.Build.0 = Release|Any CPU
		{62AE69B5-CEC5-4935-92E9-FC3255DBB1B9}.Release|x64.ActiveCfg = Release|Any CPU
		{62AE69B5-CEC5-4935-92E9-FC3255DBB1B9}.Release|x64.Build.0 = Release|Any CPU
		{62AE69B5-CEC5-4935-92E9-FC3255DBB1B9}.Release|x86.ActiveCfg = Release|Any CPU
		{62AE69B5-CEC5-4935-92E9-FC3255DBB1B9}.Release|x86.Build.0 = Release|Any CPU
		{E4B9AFB5-0116-4FE9-878F-7716F95786B1}.Debug|Any CPU.ActiveCfg = Debug|Any CPU
		{E4B9AFB5-0116-4FE9-878F-7716F95786B1}.Debug|Any CPU.Build.0 = Debug|Any CPU
		{E4B9AFB5-0116-4FE9-878F-7716F95786B1}.Debug|ARM.ActiveCfg = Debug|Any CPU
		{E4B9AFB5-0116-4FE9-878F-7716F95786B1}.Debug|ARM.Build.0 = Debug|Any CPU
		{E4B9AFB5-0116-4FE9-878F-7716F95786B1}.Debug|ARM64.ActiveCfg = Debug|Any CPU
		{E4B9AFB5-0116-4FE9-878F-7716F95786B1}.Debug|ARM64.Build.0 = Debug|Any CPU
		{E4B9AFB5-0116-4FE9-878F-7716F95786B1}.Debug|x64.ActiveCfg = Debug|Any CPU
		{E4B9AFB5-0116-4FE9-878F-7716F95786B1}.Debug|x64.Build.0 = Debug|Any CPU
		{E4B9AFB5-0116-4FE9-878F-7716F95786B1}.Debug|x86.ActiveCfg = Debug|Any CPU
		{E4B9AFB5-0116-4FE9-878F-7716F95786B1}.Debug|x86.Build.0 = Debug|Any CPU
		{E4B9AFB5-0116-4FE9-878F-7716F95786B1}.Release|Any CPU.ActiveCfg = Release|Any CPU
		{E4B9AFB5-0116-4FE9-878F-7716F95786B1}.Release|Any CPU.Build.0 = Release|Any CPU
		{E4B9AFB5-0116-4FE9-878F-7716F95786B1}.Release|ARM.ActiveCfg = Release|Any CPU
		{E4B9AFB5-0116-4FE9-878F-7716F95786B1}.Release|ARM.Build.0 = Release|Any CPU
		{E4B9AFB5-0116-4FE9-878F-7716F95786B1}.Release|ARM64.ActiveCfg = Release|Any CPU
		{E4B9AFB5-0116-4FE9-878F-7716F95786B1}.Release|ARM64.Build.0 = Release|Any CPU
		{E4B9AFB5-0116-4FE9-878F-7716F95786B1}.Release|x64.ActiveCfg = Release|Any CPU
		{E4B9AFB5-0116-4FE9-878F-7716F95786B1}.Release|x64.Build.0 = Release|Any CPU
		{E4B9AFB5-0116-4FE9-878F-7716F95786B1}.Release|x86.ActiveCfg = Release|Any CPU
		{E4B9AFB5-0116-4FE9-878F-7716F95786B1}.Release|x86.Build.0 = Release|Any CPU
		{8F1005C5-0F37-41E7-BBC0-7058CDAEC363}.Debug|Any CPU.ActiveCfg = Debug|Any CPU
		{8F1005C5-0F37-41E7-BBC0-7058CDAEC363}.Debug|Any CPU.Build.0 = Debug|Any CPU
		{8F1005C5-0F37-41E7-BBC0-7058CDAEC363}.Debug|ARM.ActiveCfg = Debug|Any CPU
		{8F1005C5-0F37-41E7-BBC0-7058CDAEC363}.Debug|ARM.Build.0 = Debug|Any CPU
		{8F1005C5-0F37-41E7-BBC0-7058CDAEC363}.Debug|ARM64.ActiveCfg = Debug|Any CPU
		{8F1005C5-0F37-41E7-BBC0-7058CDAEC363}.Debug|ARM64.Build.0 = Debug|Any CPU
		{8F1005C5-0F37-41E7-BBC0-7058CDAEC363}.Debug|x64.ActiveCfg = Debug|Any CPU
		{8F1005C5-0F37-41E7-BBC0-7058CDAEC363}.Debug|x64.Build.0 = Debug|Any CPU
		{8F1005C5-0F37-41E7-BBC0-7058CDAEC363}.Debug|x86.ActiveCfg = Debug|Any CPU
		{8F1005C5-0F37-41E7-BBC0-7058CDAEC363}.Debug|x86.Build.0 = Debug|Any CPU
		{8F1005C5-0F37-41E7-BBC0-7058CDAEC363}.Release|Any CPU.ActiveCfg = Release|Any CPU
		{8F1005C5-0F37-41E7-BBC0-7058CDAEC363}.Release|Any CPU.Build.0 = Release|Any CPU
		{8F1005C5-0F37-41E7-BBC0-7058CDAEC363}.Release|ARM.ActiveCfg = Release|Any CPU
		{8F1005C5-0F37-41E7-BBC0-7058CDAEC363}.Release|ARM.Build.0 = Release|Any CPU
		{8F1005C5-0F37-41E7-BBC0-7058CDAEC363}.Release|ARM64.ActiveCfg = Release|Any CPU
		{8F1005C5-0F37-41E7-BBC0-7058CDAEC363}.Release|ARM64.Build.0 = Release|Any CPU
		{8F1005C5-0F37-41E7-BBC0-7058CDAEC363}.Release|x64.ActiveCfg = Release|Any CPU
		{8F1005C5-0F37-41E7-BBC0-7058CDAEC363}.Release|x64.Build.0 = Release|Any CPU
		{8F1005C5-0F37-41E7-BBC0-7058CDAEC363}.Release|x86.ActiveCfg = Release|Any CPU
		{8F1005C5-0F37-41E7-BBC0-7058CDAEC363}.Release|x86.Build.0 = Release|Any CPU
		{A3747B8C-AC83-4918-82F7-29B9C9E6FFC5}.Debug|Any CPU.ActiveCfg = Debug|Any CPU
		{A3747B8C-AC83-4918-82F7-29B9C9E6FFC5}.Debug|Any CPU.Build.0 = Debug|Any CPU
		{A3747B8C-AC83-4918-82F7-29B9C9E6FFC5}.Debug|ARM.ActiveCfg = Debug|Any CPU
		{A3747B8C-AC83-4918-82F7-29B9C9E6FFC5}.Debug|ARM.Build.0 = Debug|Any CPU
		{A3747B8C-AC83-4918-82F7-29B9C9E6FFC5}.Debug|ARM64.ActiveCfg = Debug|Any CPU
		{A3747B8C-AC83-4918-82F7-29B9C9E6FFC5}.Debug|ARM64.Build.0 = Debug|Any CPU
		{A3747B8C-AC83-4918-82F7-29B9C9E6FFC5}.Debug|x64.ActiveCfg = Debug|Any CPU
		{A3747B8C-AC83-4918-82F7-29B9C9E6FFC5}.Debug|x64.Build.0 = Debug|Any CPU
		{A3747B8C-AC83-4918-82F7-29B9C9E6FFC5}.Debug|x86.ActiveCfg = Debug|Any CPU
		{A3747B8C-AC83-4918-82F7-29B9C9E6FFC5}.Debug|x86.Build.0 = Debug|Any CPU
		{A3747B8C-AC83-4918-82F7-29B9C9E6FFC5}.Release|Any CPU.ActiveCfg = Release|Any CPU
		{A3747B8C-AC83-4918-82F7-29B9C9E6FFC5}.Release|Any CPU.Build.0 = Release|Any CPU
		{A3747B8C-AC83-4918-82F7-29B9C9E6FFC5}.Release|ARM.ActiveCfg = Release|Any CPU
		{A3747B8C-AC83-4918-82F7-29B9C9E6FFC5}.Release|ARM.Build.0 = Release|Any CPU
		{A3747B8C-AC83-4918-82F7-29B9C9E6FFC5}.Release|ARM64.ActiveCfg = Release|Any CPU
		{A3747B8C-AC83-4918-82F7-29B9C9E6FFC5}.Release|ARM64.Build.0 = Release|Any CPU
		{A3747B8C-AC83-4918-82F7-29B9C9E6FFC5}.Release|x64.ActiveCfg = Release|Any CPU
		{A3747B8C-AC83-4918-82F7-29B9C9E6FFC5}.Release|x64.Build.0 = Release|Any CPU
		{A3747B8C-AC83-4918-82F7-29B9C9E6FFC5}.Release|x86.ActiveCfg = Release|Any CPU
		{A3747B8C-AC83-4918-82F7-29B9C9E6FFC5}.Release|x86.Build.0 = Release|Any CPU
		{54D2211F-AC86-4434-8514-888F187F7187}.Debug|Any CPU.ActiveCfg = Debug|Any CPU
		{54D2211F-AC86-4434-8514-888F187F7187}.Debug|Any CPU.Build.0 = Debug|Any CPU
		{54D2211F-AC86-4434-8514-888F187F7187}.Debug|ARM.ActiveCfg = Debug|Any CPU
		{54D2211F-AC86-4434-8514-888F187F7187}.Debug|ARM.Build.0 = Debug|Any CPU
		{54D2211F-AC86-4434-8514-888F187F7187}.Debug|ARM64.ActiveCfg = Debug|Any CPU
		{54D2211F-AC86-4434-8514-888F187F7187}.Debug|ARM64.Build.0 = Debug|Any CPU
		{54D2211F-AC86-4434-8514-888F187F7187}.Debug|x64.ActiveCfg = Debug|Any CPU
		{54D2211F-AC86-4434-8514-888F187F7187}.Debug|x64.Build.0 = Debug|Any CPU
		{54D2211F-AC86-4434-8514-888F187F7187}.Debug|x86.ActiveCfg = Debug|Any CPU
		{54D2211F-AC86-4434-8514-888F187F7187}.Debug|x86.Build.0 = Debug|Any CPU
		{54D2211F-AC86-4434-8514-888F187F7187}.Release|Any CPU.ActiveCfg = Release|Any CPU
		{54D2211F-AC86-4434-8514-888F187F7187}.Release|Any CPU.Build.0 = Release|Any CPU
		{54D2211F-AC86-4434-8514-888F187F7187}.Release|ARM.ActiveCfg = Release|Any CPU
		{54D2211F-AC86-4434-8514-888F187F7187}.Release|ARM.Build.0 = Release|Any CPU
		{54D2211F-AC86-4434-8514-888F187F7187}.Release|ARM64.ActiveCfg = Release|Any CPU
		{54D2211F-AC86-4434-8514-888F187F7187}.Release|ARM64.Build.0 = Release|Any CPU
		{54D2211F-AC86-4434-8514-888F187F7187}.Release|x64.ActiveCfg = Release|Any CPU
		{54D2211F-AC86-4434-8514-888F187F7187}.Release|x64.Build.0 = Release|Any CPU
		{54D2211F-AC86-4434-8514-888F187F7187}.Release|x86.ActiveCfg = Release|Any CPU
		{54D2211F-AC86-4434-8514-888F187F7187}.Release|x86.Build.0 = Release|Any CPU
		{BCD476D5-427A-46B2-96C6-0D39520BE114}.Debug|Any CPU.ActiveCfg = Debug|Any CPU
		{BCD476D5-427A-46B2-96C6-0D39520BE114}.Debug|Any CPU.Build.0 = Debug|Any CPU
		{BCD476D5-427A-46B2-96C6-0D39520BE114}.Debug|ARM.ActiveCfg = Debug|Any CPU
		{BCD476D5-427A-46B2-96C6-0D39520BE114}.Debug|ARM.Build.0 = Debug|Any CPU
		{BCD476D5-427A-46B2-96C6-0D39520BE114}.Debug|ARM64.ActiveCfg = Debug|Any CPU
		{BCD476D5-427A-46B2-96C6-0D39520BE114}.Debug|ARM64.Build.0 = Debug|Any CPU
		{BCD476D5-427A-46B2-96C6-0D39520BE114}.Debug|x64.ActiveCfg = Debug|Any CPU
		{BCD476D5-427A-46B2-96C6-0D39520BE114}.Debug|x64.Build.0 = Debug|Any CPU
		{BCD476D5-427A-46B2-96C6-0D39520BE114}.Debug|x86.ActiveCfg = Debug|Any CPU
		{BCD476D5-427A-46B2-96C6-0D39520BE114}.Debug|x86.Build.0 = Debug|Any CPU
		{BCD476D5-427A-46B2-96C6-0D39520BE114}.Release|Any CPU.ActiveCfg = Release|Any CPU
		{BCD476D5-427A-46B2-96C6-0D39520BE114}.Release|Any CPU.Build.0 = Release|Any CPU
		{BCD476D5-427A-46B2-96C6-0D39520BE114}.Release|ARM.ActiveCfg = Release|Any CPU
		{BCD476D5-427A-46B2-96C6-0D39520BE114}.Release|ARM.Build.0 = Release|Any CPU
		{BCD476D5-427A-46B2-96C6-0D39520BE114}.Release|ARM64.ActiveCfg = Release|Any CPU
		{BCD476D5-427A-46B2-96C6-0D39520BE114}.Release|ARM64.Build.0 = Release|Any CPU
		{BCD476D5-427A-46B2-96C6-0D39520BE114}.Release|x64.ActiveCfg = Release|Any CPU
		{BCD476D5-427A-46B2-96C6-0D39520BE114}.Release|x64.Build.0 = Release|Any CPU
		{BCD476D5-427A-46B2-96C6-0D39520BE114}.Release|x86.ActiveCfg = Release|Any CPU
		{BCD476D5-427A-46B2-96C6-0D39520BE114}.Release|x86.Build.0 = Release|Any CPU
		{5DA8565F-56CB-443D-820E-ABE233DBEAFE}.Debug|Any CPU.ActiveCfg = Debug|Any CPU
		{5DA8565F-56CB-443D-820E-ABE233DBEAFE}.Debug|Any CPU.Build.0 = Debug|Any CPU
		{5DA8565F-56CB-443D-820E-ABE233DBEAFE}.Debug|ARM.ActiveCfg = Debug|Any CPU
		{5DA8565F-56CB-443D-820E-ABE233DBEAFE}.Debug|ARM.Build.0 = Debug|Any CPU
		{5DA8565F-56CB-443D-820E-ABE233DBEAFE}.Debug|ARM64.ActiveCfg = Debug|Any CPU
		{5DA8565F-56CB-443D-820E-ABE233DBEAFE}.Debug|ARM64.Build.0 = Debug|Any CPU
		{5DA8565F-56CB-443D-820E-ABE233DBEAFE}.Debug|x64.ActiveCfg = Debug|Any CPU
		{5DA8565F-56CB-443D-820E-ABE233DBEAFE}.Debug|x64.Build.0 = Debug|Any CPU
		{5DA8565F-56CB-443D-820E-ABE233DBEAFE}.Debug|x86.ActiveCfg = Debug|Any CPU
		{5DA8565F-56CB-443D-820E-ABE233DBEAFE}.Debug|x86.Build.0 = Debug|Any CPU
		{5DA8565F-56CB-443D-820E-ABE233DBEAFE}.Release|Any CPU.ActiveCfg = Release|Any CPU
		{5DA8565F-56CB-443D-820E-ABE233DBEAFE}.Release|Any CPU.Build.0 = Release|Any CPU
		{5DA8565F-56CB-443D-820E-ABE233DBEAFE}.Release|ARM.ActiveCfg = Release|Any CPU
		{5DA8565F-56CB-443D-820E-ABE233DBEAFE}.Release|ARM.Build.0 = Release|Any CPU
		{5DA8565F-56CB-443D-820E-ABE233DBEAFE}.Release|ARM64.ActiveCfg = Release|Any CPU
		{5DA8565F-56CB-443D-820E-ABE233DBEAFE}.Release|ARM64.Build.0 = Release|Any CPU
		{5DA8565F-56CB-443D-820E-ABE233DBEAFE}.Release|x64.ActiveCfg = Release|Any CPU
		{5DA8565F-56CB-443D-820E-ABE233DBEAFE}.Release|x64.Build.0 = Release|Any CPU
		{5DA8565F-56CB-443D-820E-ABE233DBEAFE}.Release|x86.ActiveCfg = Release|Any CPU
		{5DA8565F-56CB-443D-820E-ABE233DBEAFE}.Release|x86.Build.0 = Release|Any CPU
		{97639A9C-65B0-459F-9ACE-81397D1D5007}.Debug|Any CPU.ActiveCfg = Debug|Any CPU
		{97639A9C-65B0-459F-9ACE-81397D1D5007}.Debug|Any CPU.Build.0 = Debug|Any CPU
		{97639A9C-65B0-459F-9ACE-81397D1D5007}.Debug|ARM.ActiveCfg = Debug|Any CPU
		{97639A9C-65B0-459F-9ACE-81397D1D5007}.Debug|ARM.Build.0 = Debug|Any CPU
		{97639A9C-65B0-459F-9ACE-81397D1D5007}.Debug|ARM64.ActiveCfg = Debug|Any CPU
		{97639A9C-65B0-459F-9ACE-81397D1D5007}.Debug|ARM64.Build.0 = Debug|Any CPU
		{97639A9C-65B0-459F-9ACE-81397D1D5007}.Debug|x64.ActiveCfg = Debug|Any CPU
		{97639A9C-65B0-459F-9ACE-81397D1D5007}.Debug|x64.Build.0 = Debug|Any CPU
		{97639A9C-65B0-459F-9ACE-81397D1D5007}.Debug|x86.ActiveCfg = Debug|Any CPU
		{97639A9C-65B0-459F-9ACE-81397D1D5007}.Debug|x86.Build.0 = Debug|Any CPU
		{97639A9C-65B0-459F-9ACE-81397D1D5007}.Release|Any CPU.ActiveCfg = Release|Any CPU
		{97639A9C-65B0-459F-9ACE-81397D1D5007}.Release|Any CPU.Build.0 = Release|Any CPU
		{97639A9C-65B0-459F-9ACE-81397D1D5007}.Release|ARM.ActiveCfg = Release|Any CPU
		{97639A9C-65B0-459F-9ACE-81397D1D5007}.Release|ARM.Build.0 = Release|Any CPU
		{97639A9C-65B0-459F-9ACE-81397D1D5007}.Release|ARM64.ActiveCfg = Release|Any CPU
		{97639A9C-65B0-459F-9ACE-81397D1D5007}.Release|ARM64.Build.0 = Release|Any CPU
		{97639A9C-65B0-459F-9ACE-81397D1D5007}.Release|x64.ActiveCfg = Release|Any CPU
		{97639A9C-65B0-459F-9ACE-81397D1D5007}.Release|x64.Build.0 = Release|Any CPU
		{97639A9C-65B0-459F-9ACE-81397D1D5007}.Release|x86.ActiveCfg = Release|Any CPU
		{97639A9C-65B0-459F-9ACE-81397D1D5007}.Release|x86.Build.0 = Release|Any CPU
	EndGlobalSection
	GlobalSection(SolutionProperties) = preSolution
		HideSolutionNode = FALSE
	EndGlobalSection
	GlobalSection(NestedProjects) = preSolution
		{57FAE00A-33D7-4615-A105-3ED52DDE6FFE} = {B3C6D12F-036D-41EC-9228-7546BC7F2BD2}
		{62AE69B5-CEC5-4935-92E9-FC3255DBB1B9} = {CA0E0D8B-0F2B-45AD-97C2-84D9574CDC18}
		{E4B9AFB5-0116-4FE9-878F-7716F95786B1} = {CA0E0D8B-0F2B-45AD-97C2-84D9574CDC18}
		{8F1005C5-0F37-41E7-BBC0-7058CDAEC363} = {CA0E0D8B-0F2B-45AD-97C2-84D9574CDC18}
		{A3747B8C-AC83-4918-82F7-29B9C9E6FFC5} = {B3C6D12F-036D-41EC-9228-7546BC7F2BD2}
		{54D2211F-AC86-4434-8514-888F187F7187} = {B3C6D12F-036D-41EC-9228-7546BC7F2BD2}
		{BCD476D5-427A-46B2-96C6-0D39520BE114} = {B3C6D12F-036D-41EC-9228-7546BC7F2BD2}
		{5DA8565F-56CB-443D-820E-ABE233DBEAFE} = {B3C6D12F-036D-41EC-9228-7546BC7F2BD2}
		{97639A9C-65B0-459F-9ACE-81397D1D5007} = {B3C6D12F-036D-41EC-9228-7546BC7F2BD2}
	EndGlobalSection
	GlobalSection(ExtensibilityGlobals) = postSolution
		SolutionGuid = {4312BDE5-00B7-4EF2-8C88-A0785EC22608}
	EndGlobalSection
EndGlobal
